
Microsoft Visual Studio Solution File, Format Version 12.00
# Visual Studio Version 16
VisualStudioVersion = 16.0.29709.97
MinimumVisualStudioVersion = 10.0.40219.1
Project("{FAE04EC0-301F-11D3-BF4B-00C04F79EFBC}") = "Mercado.WinApp", "Mercado.WinApp\Mercado.WinApp.csproj", "{50DF5E1E-C84E-4700-8C6F-C43AC73F6EF2}"
EndProject
Project("{2150E333-8FDC-42A3-9474-1A3956D46DE8}") = "1. Apresentação", "1. Apresentação", "{405F11AB-4E09-44D9-90A6-1989D46EAEAF}"
EndProject
Project("{2150E333-8FDC-42A3-9474-1A3956D46DE8}") = "2. Domínio", "2. Domínio", "{85C0AF96-183B-4392-AB44-9C7D5E8DEC37}"
EndProject
Project("{2150E333-8FDC-42A3-9474-1A3956D46DE8}") = "3. Acesso a dados", "3. Acesso a dados", "{F503CFEC-3884-4145-A804-BE13F0947A25}"
EndProject
Project("{FAE04EC0-301F-11D3-BF4B-00C04F79EFBC}") = "Mercado.Dominio", "Mercado.Dominio\Mercado.Dominio.csproj", "{A6DDAF6B-A355-4CDF-845A-D31AC6886B38}"
EndProject
Project("{FAE04EC0-301F-11D3-BF4B-00C04F79EFBC}") = "Mercado.Dados", "Mercado.Dados\Mercado.Dados.csproj", "{9220D36B-8848-461F-9070-7E7B138AB3BE}"
EndProject
Global
	GlobalSection(SolutionConfigurationPlatforms) = preSolution
		Debug|Any CPU = Debug|Any CPU
		Release|Any CPU = Release|Any CPU
	EndGlobalSection
	GlobalSection(ProjectConfigurationPlatforms) = postSolution
		{50DF5E1E-C84E-4700-8C6F-C43AC73F6EF2}.Debug|Any CPU.ActiveCfg = Debug|Any CPU
		{50DF5E1E-C84E-4700-8C6F-C43AC73F6EF2}.Debug|Any CPU.Build.0 = Debug|Any CPU
		{50DF5E1E-C84E-4700-8C6F-C43AC73F6EF2}.Release|Any CPU.ActiveCfg = Release|Any CPU
		{50DF5E1E-C84E-4700-8C6F-C43AC73F6EF2}.Release|Any CPU.Build.0 = Release|Any CPU
		{A6DDAF6B-A355-4CDF-845A-D31AC6886B38}.Debug|Any CPU.ActiveCfg = Debug|Any CPU
		{A6DDAF6B-A355-4CDF-845A-D31AC6886B38}.Debug|Any CPU.Build.0 = Debug|Any CPU
		{A6DDAF6B-A355-4CDF-845A-D31AC6886B38}.Release|Any CPU.ActiveCfg = Release|Any CPU
		{A6DDAF6B-A355-4CDF-845A-D31AC6886B38}.Release|Any CPU.Build.0 = Release|Any CPU
		{9220D36B-8848-461F-9070-7E7B138AB3BE}.Debug|Any CPU.ActiveCfg = Debug|Any CPU
		{9220D36B-8848-461F-9070-7E7B138AB3BE}.Debug|Any CPU.Build.0 = Debug|Any CPU
		{9220D36B-8848-461F-9070-7E7B138AB3BE}.Release|Any CPU.ActiveCfg = Release|Any CPU
		{9220D36B-8848-461F-9070-7E7B138AB3BE}.Release|Any CPU.Build.0 = Release|Any CPU
	EndGlobalSection
	GlobalSection(SolutionProperties) = preSolution
		HideSolutionNode = FALSE
	EndGlobalSection
	GlobalSection(NestedProjects) = preSolution
		{50DF5E1E-C84E-4700-8C6F-C43AC73F6EF2} = {405F11AB-4E09-44D9-90A6-1989D46EAEAF}
		{A6DDAF6B-A355-4CDF-845A-D31AC6886B38} = {85C0AF96-183B-4392-AB44-9C7D5E8DEC37}
		{9220D36B-8848-461F-9070-7E7B138AB3BE} = {F503CFEC-3884-4145-A804-BE13F0947A25}
	EndGlobalSection
	GlobalSection(ExtensibilityGlobals) = postSolution
		SolutionGuid = {E2C2B4B9-FB44-44D9-9842-DDB1105B9D3D}
	EndGlobalSection
EndGlobal
